
Microsoft Visual Studio Solution File, Format Version 12.00
# Visual Studio Version 17
VisualStudioVersion = 17.11.35312.102
MinimumVisualStudioVersion = 10.0.40219.1
Project("{FAE04EC0-301F-11D3-BF4B-00C04F79EFBC}") = "HomeTask9", "HomeTask9.csproj", "{572F91E5-6EB3-4518-8F11-9CF4060158F4}"
EndProject
Global
	GlobalSection(SolutionConfigurationPlatforms) = preSolution
		Debug|Any CPU = Debug|Any CPU
		Release|Any CPU = Release|Any CPU
	EndGlobalSection
	GlobalSection(ProjectConfigurationPlatforms) = postSolution
		{572F91E5-6EB3-4518-8F11-9CF4060158F4}.Debug|Any CPU.ActiveCfg = Debug|Any CPU
		{572F91E5-6EB3-4518-8F11-9CF4060158F4}.Debug|Any CPU.Build.0 = Debug|Any CPU
		{572F91E5-6EB3-4518-8F11-9CF4060158F4}.Release|Any CPU.ActiveCfg = Release|Any CPU
		{572F91E5-6EB3-4518-8F11-9CF4060158F4}.Release|Any CPU.Build.0 = Release|Any CPU
	EndGlobalSection
	GlobalSection(SolutionProperties) = preSolution
		HideSolutionNode = FALSE
	EndGlobalSection
	GlobalSection(ExtensibilityGlobals) = postSolution
		SolutionGuid = {356A2940-96B8-4715-860B-81AC9F96DDD5}
	EndGlobalSection
EndGlobal
